{
  "name": "dindin",
  "version": "0.1.0",
  "lockfileVersion": 3,
  "requires": true,
  "packages": {
    "": {
      "name": "dindin",
      "version": "0.1.0",
      "dependencies": {
        "@f-o-t/ofx": "^2.4.6"
      }
    },
    "node_modules/@f-o-t/ofx": {
      "version": "2.4.6",
      "resolved": "https://registry.npmjs.org/@f-o-t/ofx/-/ofx-2.4.6.tgz",
      "integrity": "sha512-P/Lm1Q6lVxFkS57+nkyvE+JYHiyMtZ+V8/GWgxaYz4lBQUM9l2C2fYTOGqVEgkIRSW6y09AQarMHMUYU3JGCuA==",
      "dependencies": {
        "zod": "^4.3.6"
      }
    },
    "node_modules/zod": {
      "version": "4.5.4",
      "resolved": "https://registry.npmjs.org/zod/-/zod-4.5.4.tgz",
      "integrity": "sha512-sC95tT5iHHH9gtpj6A81kh+NEaRAUFN+qlUPDUbRfOMvNf5QCBqsb3WgvnpVtK5Y+4UfA6KqufotuTvMGiTlsA==",
      "license": "MIT",
      "funding": {
        "url": "https://github.com/sponsors/colinhacks"
      }
    }
  }
}
